
Microsoft Visual Studio Solution File, Format Version 12.00
# Visual Studio Version 16
VisualStudioVersion = 16.0.28803.352
MinimumVisualStudioVersion = 10.0.40219.1
Project("{FAE04EC0-301F-11D3-BF4B-00C04F79EFBC}") = "CompareTwoNumbers", "CompareTwoNumbers\CompareTwoNumbers.csproj", "{9A986EB0-6137-47A4-9552-BFF21C9137EB}"
EndProject
Global
	GlobalSection(SolutionConfigurationPlatforms) = preSolution
		Debug|Any CPU = Debug|Any CPU
		Release|Any CPU = Release|Any CPU
	EndGlobalSection
	GlobalSection(ProjectConfigurationPlatforms) = postSolution
		{9A986EB0-6137-47A4-9552-BFF21C9137EB}.Debug|Any CPU.ActiveCfg = Debug|Any CPU
		{9A986EB0-6137-47A4-9552-BFF21C9137EB}.Debug|Any CPU.Build.0 = Debug|Any CPU
		{9A986EB0-6137-47A4-9552-BFF21C9137EB}.Release|Any CPU.ActiveCfg = Release|Any CPU
		{9A986EB0-6137-47A4-9552-BFF21C9137EB}.Release|Any CPU.Build.0 = Release|Any CPU
	EndGlobalSection
	GlobalSection(SolutionProperties) = preSolution
		HideSolutionNode = FALSE
	EndGlobalSection
	GlobalSection(ExtensibilityGlobals) = postSolution
		SolutionGuid = {E6DDBD9D-A65F-4EDE-9179-7D56BA2C8050}
	EndGlobalSection
EndGlobal
